
Microsoft Visual Studio Solution File, Format Version 12.00
# Visual Studio Version 17
VisualStudioVersion = 17.5.002.0
MinimumVisualStudioVersion = 10.0.40219.1
Project("{2150E333-8FDC-42A3-9474-1A3956D46DE8}") = "1.Módulo", "1.Módulo", "{4A3305D4-DDF6-445F-982A-9CAA572FE5DB}"
EndProject
Project("{9A19103F-16F7-4668-BE54-9A1E7A4F7556}") = "Operadores_Aritmeticos", "1.Módulo\Operadores_Aritmeticos\Operadores_Aritmeticos.csproj", "{13B2588B-7F16-492D-BF51-0D39AF34043F}"
EndProject
Project("{9A19103F-16F7-4668-BE54-9A1E7A4F7556}") = "Tipos_de_Operadores", "1.Módulo\Tipos_de_Operadores\Tipos_de_Operadores.csproj", "{5C3C65E0-FD95-4B17-A29D-272455C198F2}"
EndProject
Global
	GlobalSection(SolutionConfigurationPlatforms) = preSolution
		Debug|Any CPU = Debug|Any CPU
		Release|Any CPU = Release|Any CPU
	EndGlobalSection
	GlobalSection(ProjectConfigurationPlatforms) = postSolution
		{13B2588B-7F16-492D-BF51-0D39AF34043F}.Debug|Any CPU.ActiveCfg = Debug|Any CPU
		{13B2588B-7F16-492D-BF51-0D39AF34043F}.Debug|Any CPU.Build.0 = Debug|Any CPU
		{13B2588B-7F16-492D-BF51-0D39AF34043F}.Release|Any CPU.ActiveCfg = Release|Any CPU
		{13B2588B-7F16-492D-BF51-0D39AF34043F}.Release|Any CPU.Build.0 = Release|Any CPU
		{5C3C65E0-FD95-4B17-A29D-272455C198F2}.Debug|Any CPU.ActiveCfg = Debug|Any CPU
		{5C3C65E0-FD95-4B17-A29D-272455C198F2}.Debug|Any CPU.Build.0 = Debug|Any CPU
		{5C3C65E0-FD95-4B17-A29D-272455C198F2}.Release|Any CPU.ActiveCfg = Release|Any CPU
		{5C3C65E0-FD95-4B17-A29D-272455C198F2}.Release|Any CPU.Build.0 = Release|Any CPU
	EndGlobalSection
	GlobalSection(SolutionProperties) = preSolution
		HideSolutionNode = FALSE
	EndGlobalSection
	GlobalSection(NestedProjects) = preSolution
		{13B2588B-7F16-492D-BF51-0D39AF34043F} = {4A3305D4-DDF6-445F-982A-9CAA572FE5DB}
		{5C3C65E0-FD95-4B17-A29D-272455C198F2} = {4A3305D4-DDF6-445F-982A-9CAA572FE5DB}
	EndGlobalSection
	GlobalSection(ExtensibilityGlobals) = postSolution
		SolutionGuid = {4035DFBE-38FC-41F1-8E0C-2216BF8A34B8}
	EndGlobalSection
EndGlobal
