
Microsoft Visual Studio Solution File, Format Version 12.00
# Visual Studio Version 17
VisualStudioVersion = 17.0.31903.59
MinimumVisualStudioVersion = 10.0.40219.1
Project("{FAE04EC0-301F-11D3-BF4B-00C04F79EFBC}") = "Estrturura_de_Repetição", "Estrturura_de_Repetição_Cópia\Estrturura_de_Repetição.csproj", "{1F324706-D86C-45E1-A53B-9BDFE7588589}"
EndProject
Project("{FAE04EC0-301F-11D3-BF4B-00C04F79EFBC}") = "BibliotecaDeClasses.Common", "BibliotecaDeClasses.Common\BibliotecaDeClasses.Common.csproj", "{A9AC0DC4-DC3D-477E-8898-9E82BB8FBEF1}"
EndProject
Global
	GlobalSection(SolutionConfigurationPlatforms) = preSolution
		Debug|Any CPU = Debug|Any CPU
		Release|Any CPU = Release|Any CPU
	EndGlobalSection
	GlobalSection(SolutionProperties) = preSolution
		HideSolutionNode = FALSE
	EndGlobalSection
	GlobalSection(ProjectConfigurationPlatforms) = postSolution
		{1F324706-D86C-45E1-A53B-9BDFE7588589}.Debug|Any CPU.ActiveCfg = Debug|Any CPU
		{1F324706-D86C-45E1-A53B-9BDFE7588589}.Debug|Any CPU.Build.0 = Debug|Any CPU
		{1F324706-D86C-45E1-A53B-9BDFE7588589}.Release|Any CPU.ActiveCfg = Release|Any CPU
		{1F324706-D86C-45E1-A53B-9BDFE7588589}.Release|Any CPU.Build.0 = Release|Any CPU
		{A9AC0DC4-DC3D-477E-8898-9E82BB8FBEF1}.Debug|Any CPU.ActiveCfg = Debug|Any CPU
		{A9AC0DC4-DC3D-477E-8898-9E82BB8FBEF1}.Debug|Any CPU.Build.0 = Debug|Any CPU
		{A9AC0DC4-DC3D-477E-8898-9E82BB8FBEF1}.Release|Any CPU.ActiveCfg = Release|Any CPU
		{A9AC0DC4-DC3D-477E-8898-9E82BB8FBEF1}.Release|Any CPU.Build.0 = Release|Any CPU
	EndGlobalSection
EndGlobal
